// !$*UTF8*$!
{
	archiveVersion = 1;
	classes = {
	};
	objectVersion = 50;
	objects = {

/* Begin PBXBuildFile section */
		E132C63D24B53A6300CC4B7E /* AppDelegate.swift in Sources */ = {isa = PBXBuildFile; fileRef = E132C63C24B53A6300CC4B7E /* AppDelegate.swift */; };
		E132C63F24B53A6300CC4B7E /* SceneDelegate.swift in Sources */ = {isa = PBXBuildFile; fileRef = E132C63E24B53A6300CC4B7E /* SceneDelegate.swift */; };
		E132C64124B53A6300CC4B7E /* ViewController.swift in Sources */ = {isa = PBXBuildFile; fileRef = E132C64024B53A6300CC4B7E /* ViewController.swift */; };
		E132C64424B53A6300CC4B7E /* Main.storyboard in Resources */ = {isa = PBXBuildFile; fileRef = E132C64224B53A6300CC4B7E /* Main.storyboard */; };
		E132C64624B53A6500CC4B7E /* Assets.xcassets in Resources */ = {isa = PBXBuildFile; fileRef = E132C64524B53A6500CC4B7E /* Assets.xcassets */; };
		E132C64924B53A6500CC4B7E /* LaunchScreen.storyboard in Resources */ = {isa = PBXBuildFile; fileRef = E132C64724B53A6500CC4B7E /* LaunchScreen.storyboard */; };
		E132C65124B53B4900CC4B7E /* Card.swift in Sources */ = {isa = PBXBuildFile; fileRef = E132C65024B53B4900CC4B7E /* Card.swift */; };
		E132C65324B53BA000CC4B7E /* CardController.swift in Sources */ = {isa = PBXBuildFile; fileRef = E132C65224B53BA000CC4B7E /* CardController.swift */; };
/* End PBXBuildFile section */

/* Begin PBXFileReference section */
		E132C63924B53A6300CC4B7E /* cardGarme.app */ = {isa = PBXFileReference; explicitFileType = wrapper.application; includeInIndex = 0; path = cardGarme.app; sourceTree = BUILT_PRODUCTS_DIR; };
		E132C63C24B53A6300CC4B7E /* AppDelegate.swift */ = {isa = PBXFileReference; lastKnownFileType = sourcecode.swift; path = AppDelegate.swift; sourceTree = "<group>"; };
		E132C63E24B53A6300CC4B7E /* SceneDelegate.swift */ = {isa = PBXFileReference; lastKnownFileType = sourcecode.swift; path = SceneDelegate.swift; sourceTree = "<group>"; };
		E132C64024B53A6300CC4B7E /* ViewController.swift */ = {isa = PBXFileReference; lastKnownFileType = sourcecode.swift; path = ViewController.swift; sourceTree = "<group>"; };
		E132C64324B53A6300CC4B7E /* Base */ = {isa = PBXFileReference; lastKnownFileType = file.storyboard; name = Base; path = Base.lproj/Main.storyboard; sourceTree = "<group>"; };
		E132C64524B53A6500CC4B7E /* Assets.xcassets */ = {isa = PBXFileReference; lastKnownFileType = folder.assetcatalog; path = Assets.xcassets; sourceTree = "<group>"; };
		E132C64824B53A6500CC4B7E /* Base */ = {isa = PBXFileReference; lastKnownFileType = file.storyboard; name = Base; path = Base.lproj/LaunchScreen.storyboard; sourceTree = "<group>"; };
		E132C64A24B53A6500CC4B7E /* Info.plist */ = {isa = PBXFileReference; lastKnownFileType = text.plist.xml; path = Info.plist; sourceTree = "<group>"; };
		E132C65024B53B4900CC4B7E /* Card.swift */ = {isa = PBXFileReference; lastKnownFileType = sourcecode.swift; path = Card.swift; sourceTree = "<group>"; };
		E132C65224B53BA000CC4B7E /* CardController.swift */ = {isa = PBXFileReference; lastKnownFileType = sourcecode.swift; path = CardController.swift; sourceTree = "<group>"; };
/* End PBXFileReference section */

/* Begin PBXFrameworksBuildPhase section */
		E132C63624B53A6300CC4B7E /* Frameworks */ = {
			isa = PBXFrameworksBuildPhase;
			buildActionMask = 2147483647;
			files = (
			);
			runOnlyForDeploymentPostprocessing = 0;
		};
/* End PBXFrameworksBuildPhase section */

/* Begin PBXGroup section */
		E132C63024B53A6300CC4B7E = {
			isa = PBXGroup;
			children = (
				E132C63B24B53A6300CC4B7E /* cardGarme */,
				E132C63A24B53A6300CC4B7E /* Products */,
			);
			sourceTree = "<group>";
		};
		E132C63A24B53A6300CC4B7E /* Products */ = {
			isa = PBXGroup;
			children = (
				E132C63924B53A6300CC4B7E /* cardGarme.app */,
			);
			name = Products;
			sourceTree = "<group>";
		};
		E132C63B24B53A6300CC4B7E /* cardGarme */ = {
			isa = PBXGroup;
			children = (
				E132C63C24B53A6300CC4B7E /* AppDelegate.swift */,
				E132C63E24B53A6300CC4B7E /* SceneDelegate.swift */,
				E132C64024B53A6300CC4B7E /* ViewController.swift */,
				E132C64224B53A6300CC4B7E /* Main.storyboard */,
				E132C64524B53A6500CC4B7E /* Assets.xcassets */,
				E132C64724B53A6500CC4B7E /* LaunchScreen.storyboard */,
				E132C64A24B53A6500CC4B7E /* Info.plist */,
				E132C65024B53B4900CC4B7E /* Card.swift */,
				E132C65224B53BA000CC4B7E /* CardController.swift */,
			);
			path = cardGarme;
			sourceTree = "<group>";
		};
/* End PBXGroup section */

/* Begin PBXNativeTarget section */
		E132C63824B53A6300CC4B7E /* cardGarme */ = {
			isa = PBXNativeTarget;
			buildConfigurationList = E132C64D24B53A6500CC4B7E /* Build configuration list for PBXNativeTarget "cardGarme" */;
			buildPhases = (
				E132C63524B53A6300CC4B7E /* Sources */,
				E132C63624B53A6300CC4B7E /* Frameworks */,
				E132C63724B53A6300CC4B7E /* Resources */,
			);
			buildRules = (
			);
			dependencies = (
			);
			name = cardGarme;
			productName = cardGarme;
			productReference = E132C63924B53A6300CC4B7E /* cardGarme.app */;
			productType = "com.apple.product-type.application";
		};
/* End PBXNativeTarget section */

/* Begin PBXProject section */
		E132C63124B53A6300CC4B7E /* Project object */ = {
			isa = PBXProject;
			attributes = {
				LastSwiftUpdateCheck = 1150;
				LastUpgradeCheck = 1150;
				ORGANIZATIONNAME = "Sammy Alvarado";
				TargetAttributes = {
					E132C63824B53A6300CC4B7E = {
						CreatedOnToolsVersion = 11.5;
					};
				};
			};
			buildConfigurationList = E132C63424B53A6300CC4B7E /* Build configuration list for PBXProject "cardGarme" */;
			compatibilityVersion = "Xcode 9.3";
			developmentRegion = en;
			hasScannedForEncodings = 0;
			knownRegions = (
				en,
				Base,
			);
			mainGroup = E132C63024B53A6300CC4B7E;
			productRefGroup = E132C63A24B53A6300CC4B7E /* Products */;
			projectDirPath = "";
			projectRoot = "";
			targets = (
				E132C63824B53A6300CC4B7E /* cardGarme */,
			);
		};
/* End PBXProject section */

/* Begin PBXResourcesBuildPhase section */
		E132C63724B53A6300CC4B7E /* Resources */ = {
			isa = PBXResourcesBuildPhase;
			buildActionMask = 2147483647;
			files = (
				E132C64924B53A6500CC4B7E /* LaunchScreen.storyboard in Resources */,
				E132C64624B53A6500CC4B7E /* Assets.xcassets in Resources */,
				E132C64424B53A6300CC4B7E /* Main.storyboard in Resources */,
			);
			runOnlyForDeploymentPostprocessing = 0;
		};
/* End PBXResourcesBuildPhase section */

/* Begin PBXSourcesBuildPhase section */
		E132C63524B53A6300CC4B7E /* Sources */ = {
			isa = PBXSourcesBuildPhase;
			buildActionMask = 2147483647;
			files = (
				E132C65324B53BA000CC4B7E /* CardController.swift in Sources */,
				E132C64124B53A6300CC4B7E /* ViewController.swift in Sources */,
				E132C63D24B53A6300CC4B7E /* AppDelegate.swift in Sources */,
				E132C63F24B53A6300CC4B7E /* SceneDelegate.swift in Sources */,
				E132C65124B53B4900CC4B7E /* Card.swift in Sources */,
			);
			runOnlyForDeploymentPostprocessing = 0;
		};
/* End PBXSourcesBuildPhase section */

/* Begin PBXVariantGroup section */
		E132C64224B53A6300CC4B7E /* Main.storyboard */ = {
			isa = PBXVariantGroup;
			children = (
				E132C64324B53A6300CC4B7E /* Base */,
			);
			name = Main.storyboard;
			sourceTree = "<group>";
		};
		E132C64724B53A6500CC4B7E /* LaunchScreen.storyboard */ = {
			isa = PBXVariantGroup;
			children = (
				E132C64824B53A6500CC4B7E /* Base */,
			);
			name = LaunchScreen.storyboard;
			sourceTree = "<group>";
		};
/* End PBXVariantGroup section */

/* Begin XCBuildConfiguration section */
		E132C64B24B53A6500CC4B7E /* Debug */ = {
			isa = XCBuildConfiguration;
			buildSettings = {
				ALWAYS_SEARCH_USER_PATHS = NO;
				CLANG_ANALYZER_NONNULL = YES;
				CLANG_ANALYZER_NUMBER_OBJECT_CONVERSION = YES_AGGRESSIVE;
				CLANG_CXX_LANGUAGE_STANDARD = "gnu++14";
				CLANG_CXX_LIBRARY = "libc++";
				CLANG_ENABLE_MODULES = YES;
				CLANG_ENABLE_OBJC_ARC = YES;
				CLANG_ENABLE_OBJC_WEAK = YES;
				CLANG_WARN_BLOCK_CAPTURE_AUTORELEASING = YES;
				CLANG_WARN_BOOL_CONVERSION = YES;
				CLANG_WARN_COMMA = YES;
				CLANG_WARN_CONSTANT_CONVERSION = YES;
				CLANG_WARN_DEPRECATED_OBJC_IMPLEMENTATIONS = YES;
				CLANG_WARN_DIRECT_OBJC_ISA_USAGE = YES_ERROR;
				CLANG_WARN_DOCUMENTATION_COMMENTS = YES;
				CLANG_WARN_EMPTY_BODY = YES;
				CLANG_WARN_ENUM_CONVERSION = YES;
				CLANG_WARN_INFINITE_RECURSION = YES;
				CLANG_WARN_INT_CONVERSION = YES;
				CLANG_WARN_NON_LITERAL_NULL_CONVERSION = YES;
				CLANG_WARN_OBJC_IMPLICIT_RETAIN_SELF = YES;
				CLANG_WARN_OBJC_LITERAL_CONVERSION = YES;
				CLANG_WARN_OBJC_ROOT_CLASS = YES_ERROR;
				CLANG_WARN_RANGE_LOOP_ANALYSIS = YES;
				CLANG_WARN_STRICT_PROTOTYPES = YES;
				CLANG_WARN_SUSPICIOUS_MOVE = YES;
				CLANG_WARN_UNGUARDED_AVAILABILITY = YES_AGGRESSIVE;
				CLANG_WARN_UNREACHABLE_CODE = YES;
				CLANG_WARN__DUPLICATE_METHOD_MATCH = YES;
				COPY_PHASE_STRIP = NO;
				DEBUG_INFORMATION_FORMAT = dwarf;
				ENABLE_STRICT_OBJC_MSGSEND = YES;
				ENABLE_TESTABILITY = YES;
				GCC_C_LANGUAGE_STANDARD = gnu11;
				GCC_DYNAMIC_NO_PIC = NO;
				GCC_NO_COMMON_BLOCKS = YES;
				GCC_OPTIMIZATION_LEVEL = 0;
				GCC_PREPROCESSOR_DEFINITIONS = (
					"DEBUG=1",
					"$(inherited)",
				);
				GCC_WARN_64_TO_32_BIT_CONVERSION = YES;
				GCC_WARN_ABOUT_RETURN_TYPE = YES_ERROR;
				GCC_WARN_UNDECLARED_SELECTOR = YES;
				GCC_WARN_UNINITIALIZED_AUTOS = YES_AGGRESSIVE;
				GCC_WARN_UNUSED_FUNCTION = YES;
				GCC_WARN_UNUSED_VARIABLE = YES;
				IPHONEOS_DEPLOYMENT_TARGET = 13.5;
				MTL_ENABLE_DEBUG_INFO = INCLUDE_SOURCE;
				MTL_FAST_MATH = YES;
				ONLY_ACTIVE_ARCH = YES;
				SDKROOT = iphoneos;
				SWIFT_ACTIVE_COMPILATION_CONDITIONS = DEBUG;
				SWIFT_OPTIMIZATION_LEVEL = "-Onone";
			};
			name = Debug;
		};
		E132C64C24B53A6500CC4B7E /* Release */ = {
			isa = XCBuildConfiguration;
			buildSettings = {
				ALWAYS_SEARCH_USER_PATHS = NO;
				CLANG_ANALYZER_NONNULL = YES;
				CLANG_ANALYZER_NUMBER_OBJECT_CONVERSION = YES_AGGRESSIVE;
				CLANG_CXX_LANGUAGE_STANDARD = "gnu++14";
				CLANG_CXX_LIBRARY = "libc++";
				CLANG_ENABLE_MODULES = YES;
				CLANG_ENABLE_OBJC_ARC = YES;
				CLANG_ENABLE_OBJC_WEAK = YES;
				CLANG_WARN_BLOCK_CAPTURE_AUTORELEASING = YES;
				CLANG_WARN_BOOL_CONVERSION = YES;
				CLANG_WARN_COMMA = YES;
				CLANG_WARN_CONSTANT_CONVERSION = YES;
				CLANG_WARN_DEPRECATED_OBJC_IMPLEMENTATIONS = YES;
				CLANG_WARN_DIRECT_OBJC_ISA_USAGE = YES_ERROR;
				CLANG_WARN_DOCUMENTATION_COMMENTS = YES;
				CLANG_WARN_EMPTY_BODY = YES;
				CLANG_WARN_ENUM_CONVERSION = YES;
				CLANG_WARN_INFINITE_RECURSION = YES;
				CLANG_WARN_INT_CONVERSION = YES;
				CLANG_WARN_NON_LITERAL_NULL_CONVERSION = YES;
				CLANG_WARN_OBJC_IMPLICIT_RETAIN_SELF = YES;
				CLANG_WARN_OBJC_LITERAL_CONVERSION = YES;
				CLANG_WARN_OBJC_ROOT_CLASS = YES_ERROR;
				CLANG_WARN_RANGE_LOOP_ANALYSIS = YES;
				CLANG_WARN_STRICT_PROTOTYPES = YES;
				CLANG_WARN_SUSPICIOUS_MOVE = YES;
				CLANG_WARN_UNGUARDED_AVAILABILITY = YES_AGGRESSIVE;
				CLANG_WARN_UNREACHABLE_CODE = YES;
				CLANG_WARN__DUPLICATE_METHOD_MATCH = YES;
				COPY_PHASE_STRIP = NO;
				DEBUG_INFORMATION_FORMAT = "dwarf-with-dsym";
				ENABLE_NS_ASSERTIONS = NO;
				ENABLE_STRICT_OBJC_MSGSEND = YES;
				GCC_C_LANGUAGE_STANDARD = gnu11;
				GCC_NO_COMMON_BLOCKS = YES;
				GCC_WARN_64_TO_32_BIT_CONVERSION = YES;
				GCC_WARN_ABOUT_RETURN_TYPE = YES_ERROR;
				GCC_WARN_UNDECLARED_SELECTOR = YES;
				GCC_WARN_UNINITIALIZED_AUTOS = YES_AGGRESSIVE;
				GCC_WARN_UNUSED_FUNCTION = YES;
				GCC_WARN_UNUSED_VARIABLE = YES;
				IPHONEOS_DEPLOYMENT_TARGET = 13.5;
				MTL_ENABLE_DEBUG_INFO = NO;
				MTL_FAST_MATH = YES;
				SDKROOT = iphoneos;
				SWIFT_COMPILATION_MODE = wholemodule;
				SWIFT_OPTIMIZATION_LEVEL = "-O";
				VALIDATE_PRODUCT = YES;
			};
			name = Release;
		};
		E132C64E24B53A6500CC4B7E /* Debug */ = {
			isa = XCBuildConfiguration;
			buildSettings = {
				ASSETCATALOG_COMPILER_APPICON_NAME = AppIcon;
				CODE_SIGN_STYLE = Automatic;
				INFOPLIST_FILE = cardGarme/Info.plist;
				LD_RUNPATH_SEARCH_PATHS = (
					"$(inherited)",
					"@executable_path/Frameworks",
				);
				PRODUCT_BUNDLE_IDENTIFIER = com.samdev.cardGarme;
				PRODUCT_NAME = "$(TARGET_NAME)";
				SWIFT_VERSION = 5.0;
				TARGETED_DEVICE_FAMILY = "1,2";
			};
			name = Debug;
		};
		E132C64F24B53A6500CC4B7E /* Release */ = {
			isa = XCBuildConfiguration;
			buildSettings = {
				ASSETCATALOG_COMPILER_APPICON_NAME = AppIcon;
				CODE_SIGN_STYLE = Automatic;
				INFOPLIST_FILE = cardGarme/Info.plist;
				LD_RUNPATH_SEARCH_PATHS = (
					"$(inherited)",
					"@executable_path/Frameworks",
				);
				PRODUCT_BUNDLE_IDENTIFIER = com.samdev.cardGarme;
				PRODUCT_NAME = "$(TARGET_NAME)";
				SWIFT_VERSION = 5.0;
				TARGETED_DEVICE_FAMILY = "1,2";
			};
			name = Release;
		};
/* End XCBuildConfiguration section */

/* Begin XCConfigurationList section */
		E132C63424B53A6300CC4B7E /* Build configuration list for PBXProject "cardGarme" */ = {
			isa = XCConfigurationList;
			buildConfigurations = (
				E132C64B24B53A6500CC4B7E /* Debug */,
				E132C64C24B53A6500CC4B7E /* Release */,
			);
			defaultConfigurationIsVisible = 0;
			defaultConfigurationName = Release;
		};
		E132C64D24B53A6500CC4B7E /* Build configuration list for PBXNativeTarget "cardGarme" */ = {
			isa = XCConfigurationList;
			buildConfigurations = (
				E132C64E24B53A6500CC4B7E /* Debug */,
				E132C64F24B53A6500CC4B7E /* Release */,
			);
			defaultConfigurationIsVisible = 0;
			defaultConfigurationName = Release;
		};
/* End XCConfigurationList section */
	};
	rootObject = E132C63124B53A6300CC4B7E /* Project object */;
}
